// !$*UTF8*$!
{
	archiveVersion = 1;
	classes = {
	};
	objectVersion = 56;
	objects = {

/* Begin PBXBuildFile section */
		3C6C7A622AF0475E009A33CC /* JanKenPonApp.swift in Sources */ = {isa = PBXBuildFile; fileRef = 3C6C7A612AF0475E009A33CC /* JanKenPonApp.swift */; };
		3C6C7A642AF0475E009A33CC /* ContentView.swift in Sources */ = {isa = PBXBuildFile; fileRef = 3C6C7A632AF0475E009A33CC /* ContentView.swift */; };
		3C6C7A662AF04765009A33CC /* Assets.xcassets in Resources */ = {isa = PBXBuildFile; fileRef = 3C6C7A652AF04765009A33CC /* Assets.xcassets */; };
		3C6C7A692AF04765009A33CC /* Preview Assets.xcassets in Resources */ = {isa = PBXBuildFile; fileRef = 3C6C7A682AF04765009A33CC /* Preview Assets.xcassets */; };
		3C6C7A6B2AF04765009A33CC /* Persistence.swift in Sources */ = {isa = PBXBuildFile; fileRef = 3C6C7A6A2AF04765009A33CC /* Persistence.swift */; };
		3C6C7A6E2AF04765009A33CC /* JanKenPon.xcdatamodeld in Sources */ = {isa = PBXBuildFile; fileRef = 3C6C7A6C2AF04765009A33CC /* JanKenPon.xcdatamodeld */; };
		3C6C7A772AF07A41009A33CC /* Game.swift in Sources */ = {isa = PBXBuildFile; fileRef = 3C6C7A762AF07A41009A33CC /* Game.swift */; };
		3C6C7A792AF07A8A009A33CC /* Player.swift in Sources */ = {isa = PBXBuildFile; fileRef = 3C6C7A782AF07A8A009A33CC /* Player.swift */; };
		3C6C7A7B2AF07A93009A33CC /* League.swift in Sources */ = {isa = PBXBuildFile; fileRef = 3C6C7A7A2AF07A93009A33CC /* League.swift */; };
		3C6C7A7F2AF0905F009A33CC /* PlayerView.swift in Sources */ = {isa = PBXBuildFile; fileRef = 3C6C7A7E2AF0905F009A33CC /* PlayerView.swift */; };
		3C6C7A812AF09271009A33CC /* LeagueView.swift in Sources */ = {isa = PBXBuildFile; fileRef = 3C6C7A802AF09271009A33CC /* LeagueView.swift */; };
		3C6C7A832AF9BD89009A33CC /* GameView.swift in Sources */ = {isa = PBXBuildFile; fileRef = 3C6C7A822AF9BD89009A33CC /* GameView.swift */; };
		3C6C7A8B2AFDA9B2009A33CC /* JanKenPonTests.swift in Sources */ = {isa = PBXBuildFile; fileRef = 3C6C7A8A2AFDA9B2009A33CC /* JanKenPonTests.swift */; };
		3C6C7A922AFDA9D5009A33CC /* GameTests.swift in Sources */ = {isa = PBXBuildFile; fileRef = 3C6C7A912AFDA9D4009A33CC /* GameTests.swift */; };
		3C6C7A942AFDAA66009A33CC /* LeagueTests.swift in Sources */ = {isa = PBXBuildFile; fileRef = 3C6C7A932AFDAA66009A33CC /* LeagueTests.swift */; };
		3C6C7A962AFEFB0E009A33CC /* Round.swift in Sources */ = {isa = PBXBuildFile; fileRef = 3C6C7A952AFEFB0E009A33CC /* Round.swift */; };
		3C6C7A982B043B29009A33CC /* ShareView.swift in Sources */ = {isa = PBXBuildFile; fileRef = 3C6C7A972B043B29009A33CC /* ShareView.swift */; };
/* End PBXBuildFile section */

/* Begin PBXContainerItemProxy section */
		3C6C7A8C2AFDA9B2009A33CC /* PBXContainerItemProxy */ = {
			isa = PBXContainerItemProxy;
			containerPortal = 3C6C7A562AF0475E009A33CC /* Project object */;
			proxyType = 1;
			remoteGlobalIDString = 3C6C7A5D2AF0475E009A33CC;
			remoteInfo = JanKenPon;
		};
/* End PBXContainerItemProxy section */

/* Begin PBXFileReference section */
		3C6C7A5E2AF0475E009A33CC /* JanKenPon.app */ = {isa = PBXFileReference; explicitFileType = wrapper.application; includeInIndex = 0; path = JanKenPon.app; sourceTree = BUILT_PRODUCTS_DIR; };
		3C6C7A612AF0475E009A33CC /* JanKenPonApp.swift */ = {isa = PBXFileReference; lastKnownFileType = sourcecode.swift; path = JanKenPonApp.swift; sourceTree = "<group>"; };
		3C6C7A632AF0475E009A33CC /* ContentView.swift */ = {isa = PBXFileReference; lastKnownFileType = sourcecode.swift; path = ContentView.swift; sourceTree = "<group>"; };
		3C6C7A652AF04765009A33CC /* Assets.xcassets */ = {isa = PBXFileReference; lastKnownFileType = folder.assetcatalog; path = Assets.xcassets; sourceTree = "<group>"; };
		3C6C7A682AF04765009A33CC /* Preview Assets.xcassets */ = {isa = PBXFileReference; lastKnownFileType = folder.assetcatalog; path = "Preview Assets.xcassets"; sourceTree = "<group>"; };
		3C6C7A6A2AF04765009A33CC /* Persistence.swift */ = {isa = PBXFileReference; lastKnownFileType = sourcecode.swift; path = Persistence.swift; sourceTree = "<group>"; };
		3C6C7A6D2AF04765009A33CC /* JanKenPon.xcdatamodel */ = {isa = PBXFileReference; lastKnownFileType = wrapper.xcdatamodel; path = JanKenPon.xcdatamodel; sourceTree = "<group>"; };
		3C6C7A6F2AF04765009A33CC /* JanKenPon.entitlements */ = {isa = PBXFileReference; lastKnownFileType = text.plist.entitlements; path = JanKenPon.entitlements; sourceTree = "<group>"; };
		3C6C7A702AF04765009A33CC /* Info.plist */ = {isa = PBXFileReference; lastKnownFileType = text.plist.xml; path = Info.plist; sourceTree = "<group>"; };
		3C6C7A762AF07A41009A33CC /* Game.swift */ = {isa = PBXFileReference; lastKnownFileType = sourcecode.swift; path = Game.swift; sourceTree = "<group>"; };
		3C6C7A782AF07A8A009A33CC /* Player.swift */ = {isa = PBXFileReference; lastKnownFileType = sourcecode.swift; path = Player.swift; sourceTree = "<group>"; };
		3C6C7A7A2AF07A93009A33CC /* League.swift */ = {isa = PBXFileReference; lastKnownFileType = sourcecode.swift; path = League.swift; sourceTree = "<group>"; };
		3C6C7A7E2AF0905F009A33CC /* PlayerView.swift */ = {isa = PBXFileReference; lastKnownFileType = sourcecode.swift; path = PlayerView.swift; sourceTree = "<group>"; };
		3C6C7A802AF09271009A33CC /* LeagueView.swift */ = {isa = PBXFileReference; lastKnownFileType = sourcecode.swift; path = LeagueView.swift; sourceTree = "<group>"; };
		3C6C7A822AF9BD89009A33CC /* GameView.swift */ = {isa = PBXFileReference; lastKnownFileType = sourcecode.swift; path = GameView.swift; sourceTree = "<group>"; };
		3C6C7A882AFDA9B2009A33CC /* JanKenPonTests.xctest */ = {isa = PBXFileReference; explicitFileType = wrapper.cfbundle; includeInIndex = 0; path = JanKenPonTests.xctest; sourceTree = BUILT_PRODUCTS_DIR; };
		3C6C7A8A2AFDA9B2009A33CC /* JanKenPonTests.swift */ = {isa = PBXFileReference; lastKnownFileType = sourcecode.swift; path = JanKenPonTests.swift; sourceTree = "<group>"; };
		3C6C7A912AFDA9D4009A33CC /* GameTests.swift */ = {isa = PBXFileReference; lastKnownFileType = sourcecode.swift; path = GameTests.swift; sourceTree = "<group>"; };
		3C6C7A932AFDAA66009A33CC /* LeagueTests.swift */ = {isa = PBXFileReference; lastKnownFileType = sourcecode.swift; path = LeagueTests.swift; sourceTree = "<group>"; };
		3C6C7A952AFEFB0E009A33CC /* Round.swift */ = {isa = PBXFileReference; lastKnownFileType = sourcecode.swift; path = Round.swift; sourceTree = "<group>"; };
		3C6C7A972B043B29009A33CC /* ShareView.swift */ = {isa = PBXFileReference; lastKnownFileType = sourcecode.swift; path = ShareView.swift; sourceTree = "<group>"; };
		3C6C7A992B083CC1009A33CC /* Notes */ = {isa = PBXFileReference; lastKnownFileType = text; path = Notes; sourceTree = "<group>"; };
/* End PBXFileReference section */

/* Begin PBXFrameworksBuildPhase section */
		3C6C7A5B2AF0475E009A33CC /* Frameworks */ = {
			isa = PBXFrameworksBuildPhase;
			buildActionMask = 2147483647;
			files = (
			);
			runOnlyForDeploymentPostprocessing = 0;
		};
		3C6C7A852AFDA9B2009A33CC /* Frameworks */ = {
			isa = PBXFrameworksBuildPhase;
			buildActionMask = 2147483647;
			files = (
			);
			runOnlyForDeploymentPostprocessing = 0;
		};
/* End PBXFrameworksBuildPhase section */

/* Begin PBXGroup section */
		3C6C7A552AF0475E009A33CC = {
			isa = PBXGroup;
			children = (
				3C6C7A602AF0475E009A33CC /* JanKenPon */,
				3C6C7A892AFDA9B2009A33CC /* JanKenPonTests */,
				3C6C7A5F2AF0475E009A33CC /* Products */,
			);
			sourceTree = "<group>";
		};
		3C6C7A5F2AF0475E009A33CC /* Products */ = {
			isa = PBXGroup;
			children = (
				3C6C7A5E2AF0475E009A33CC /* JanKenPon.app */,
				3C6C7A882AFDA9B2009A33CC /* JanKenPonTests.xctest */,
			);
			name = Products;
			sourceTree = "<group>";
		};
		3C6C7A602AF0475E009A33CC /* JanKenPon */ = {
			isa = PBXGroup;
			children = (
				3C6C7A612AF0475E009A33CC /* JanKenPonApp.swift */,
				3C6C7A632AF0475E009A33CC /* ContentView.swift */,
				3C6C7A652AF04765009A33CC /* Assets.xcassets */,
				3C6C7A6A2AF04765009A33CC /* Persistence.swift */,
				3C6C7A6F2AF04765009A33CC /* JanKenPon.entitlements */,
				3C6C7A702AF04765009A33CC /* Info.plist */,
				3C6C7A6C2AF04765009A33CC /* JanKenPon.xcdatamodeld */,
				3C6C7A7D2AF09037009A33CC /* Model */,
				3C6C7A7C2AF09028009A33CC /* View */,
				3C6C7A672AF04765009A33CC /* Preview Content */,
				3C6C7A992B083CC1009A33CC /* Notes */,
			);
			path = JanKenPon;
			sourceTree = "<group>";
		};
		3C6C7A672AF04765009A33CC /* Preview Content */ = {
			isa = PBXGroup;
			children = (
				3C6C7A682AF04765009A33CC /* Preview Assets.xcassets */,
			);
			path = "Preview Content";
			sourceTree = "<group>";
		};
		3C6C7A7C2AF09028009A33CC /* View */ = {
			isa = PBXGroup;
			children = (
				3C6C7A7E2AF0905F009A33CC /* PlayerView.swift */,
				3C6C7A802AF09271009A33CC /* LeagueView.swift */,
				3C6C7A822AF9BD89009A33CC /* GameView.swift */,
				3C6C7A972B043B29009A33CC /* ShareView.swift */,
			);
			path = View;
			sourceTree = "<group>";
		};
		3C6C7A7D2AF09037009A33CC /* Model */ = {
			isa = PBXGroup;
			children = (
				3C6C7A762AF07A41009A33CC /* Game.swift */,
				3C6C7A782AF07A8A009A33CC /* Player.swift */,
				3C6C7A7A2AF07A93009A33CC /* League.swift */,
				3C6C7A952AFEFB0E009A33CC /* Round.swift */,
			);
			path = Model;
			sourceTree = "<group>";
		};
		3C6C7A892AFDA9B2009A33CC /* JanKenPonTests */ = {
			isa = PBXGroup;
			children = (
				3C6C7A8A2AFDA9B2009A33CC /* JanKenPonTests.swift */,
				3C6C7A912AFDA9D4009A33CC /* GameTests.swift */,
				3C6C7A932AFDAA66009A33CC /* LeagueTests.swift */,
			);
			path = JanKenPonTests;
			sourceTree = "<group>";
		};
/* End PBXGroup section */

/* Begin PBXNativeTarget section */
		3C6C7A5D2AF0475E009A33CC /* JanKenPon */ = {
			isa = PBXNativeTarget;
			buildConfigurationList = 3C6C7A732AF04765009A33CC /* Build configuration list for PBXNativeTarget "JanKenPon" */;
			buildPhases = (
				3C6C7A5A2AF0475E009A33CC /* Sources */,
				3C6C7A5B2AF0475E009A33CC /* Frameworks */,
				3C6C7A5C2AF0475E009A33CC /* Resources */,
			);
			buildRules = (
			);
			dependencies = (
			);
			name = JanKenPon;
			productName = JanKenPon;
			productReference = 3C6C7A5E2AF0475E009A33CC /* JanKenPon.app */;
			productType = "com.apple.product-type.application";
		};
		3C6C7A872AFDA9B2009A33CC /* JanKenPonTests */ = {
			isa = PBXNativeTarget;
			buildConfigurationList = 3C6C7A8E2AFDA9B2009A33CC /* Build configuration list for PBXNativeTarget "JanKenPonTests" */;
			buildPhases = (
				3C6C7A842AFDA9B2009A33CC /* Sources */,
				3C6C7A852AFDA9B2009A33CC /* Frameworks */,
				3C6C7A862AFDA9B2009A33CC /* Resources */,
			);
			buildRules = (
			);
			dependencies = (
				3C6C7A8D2AFDA9B2009A33CC /* PBXTargetDependency */,
			);
			name = JanKenPonTests;
			productName = JanKenPonTests;
			productReference = 3C6C7A882AFDA9B2009A33CC /* JanKenPonTests.xctest */;
			productType = "com.apple.product-type.bundle.unit-test";
		};
/* End PBXNativeTarget section */

/* Begin PBXProject section */
		3C6C7A562AF0475E009A33CC /* Project object */ = {
			isa = PBXProject;
			attributes = {
				BuildIndependentTargetsInParallel = 1;
				LastSwiftUpdateCheck = 1500;
				LastUpgradeCheck = 1500;
				TargetAttributes = {
					3C6C7A5D2AF0475E009A33CC = {
						CreatedOnToolsVersion = 15.0.1;
					};
					3C6C7A872AFDA9B2009A33CC = {
						CreatedOnToolsVersion = 15.0.1;
						TestTargetID = 3C6C7A5D2AF0475E009A33CC;
					};
				};
			};
			buildConfigurationList = 3C6C7A592AF0475E009A33CC /* Build configuration list for PBXProject "JanKenPon" */;
			compatibilityVersion = "Xcode 14.0";
			developmentRegion = en;
			hasScannedForEncodings = 0;
			knownRegions = (
				en,
				Base,
			);
			mainGroup = 3C6C7A552AF0475E009A33CC;
			productRefGroup = 3C6C7A5F2AF0475E009A33CC /* Products */;
			projectDirPath = "";
			projectRoot = "";
			targets = (
				3C6C7A5D2AF0475E009A33CC /* JanKenPon */,
				3C6C7A872AFDA9B2009A33CC /* JanKenPonTests */,
			);
		};
/* End PBXProject section */

/* Begin PBXResourcesBuildPhase section */
		3C6C7A5C2AF0475E009A33CC /* Resources */ = {
			isa = PBXResourcesBuildPhase;
			buildActionMask = 2147483647;
			files = (
				3C6C7A692AF04765009A33CC /* Preview Assets.xcassets in Resources */,
				3C6C7A662AF04765009A33CC /* Assets.xcassets in Resources */,
			);
			runOnlyForDeploymentPostprocessing = 0;
		};
		3C6C7A862AFDA9B2009A33CC /* Resources */ = {
			isa = PBXResourcesBuildPhase;
			buildActionMask = 2147483647;
			files = (
			);
			runOnlyForDeploymentPostprocessing = 0;
		};
/* End PBXResourcesBuildPhase section */

/* Begin PBXSourcesBuildPhase section */
		3C6C7A5A2AF0475E009A33CC /* Sources */ = {
			isa = PBXSourcesBuildPhase;
			buildActionMask = 2147483647;
			files = (
				3C6C7A982B043B29009A33CC /* ShareView.swift in Sources */,
				3C6C7A7B2AF07A93009A33CC /* League.swift in Sources */,
				3C6C7A812AF09271009A33CC /* LeagueView.swift in Sources */,
				3C6C7A6B2AF04765009A33CC /* Persistence.swift in Sources */,
				3C6C7A962AFEFB0E009A33CC /* Round.swift in Sources */,
				3C6C7A772AF07A41009A33CC /* Game.swift in Sources */,
				3C6C7A832AF9BD89009A33CC /* GameView.swift in Sources */,
				3C6C7A7F2AF0905F009A33CC /* PlayerView.swift in Sources */,
				3C6C7A642AF0475E009A33CC /* ContentView.swift in Sources */,
				3C6C7A6E2AF04765009A33CC /* JanKenPon.xcdatamodeld in Sources */,
				3C6C7A792AF07A8A009A33CC /* Player.swift in Sources */,
				3C6C7A622AF0475E009A33CC /* JanKenPonApp.swift in Sources */,
			);
			runOnlyForDeploymentPostprocessing = 0;
		};
		3C6C7A842AFDA9B2009A33CC /* Sources */ = {
			isa = PBXSourcesBuildPhase;
			buildActionMask = 2147483647;
			files = (
				3C6C7A8B2AFDA9B2009A33CC /* JanKenPonTests.swift in Sources */,
				3C6C7A942AFDAA66009A33CC /* LeagueTests.swift in Sources */,
				3C6C7A922AFDA9D5009A33CC /* GameTests.swift in Sources */,
			);
			runOnlyForDeploymentPostprocessing = 0;
		};
/* End PBXSourcesBuildPhase section */

/* Begin PBXTargetDependency section */
		3C6C7A8D2AFDA9B2009A33CC /* PBXTargetDependency */ = {
			isa = PBXTargetDependency;
			target = 3C6C7A5D2AF0475E009A33CC /* JanKenPon */;
			targetProxy = 3C6C7A8C2AFDA9B2009A33CC /* PBXContainerItemProxy */;
		};
/* End PBXTargetDependency section */

/* Begin XCBuildConfiguration section */
		3C6C7A712AF04765009A33CC /* Debug */ = {
			isa = XCBuildConfiguration;
			buildSettings = {
				ALWAYS_SEARCH_USER_PATHS = NO;
				ASSETCATALOG_COMPILER_GENERATE_SWIFT_ASSET_SYMBOL_EXTENSIONS = YES;
				CLANG_ANALYZER_NONNULL = YES;
				CLANG_ANALYZER_NUMBER_OBJECT_CONVERSION = YES_AGGRESSIVE;
				CLANG_CXX_LANGUAGE_STANDARD = "gnu++20";
				CLANG_ENABLE_MODULES = YES;
				CLANG_ENABLE_OBJC_ARC = YES;
				CLANG_ENABLE_OBJC_WEAK = YES;
				CLANG_WARN_BLOCK_CAPTURE_AUTORELEASING = YES;
				CLANG_WARN_BOOL_CONVERSION = YES;
				CLANG_WARN_COMMA = YES;
				CLANG_WARN_CONSTANT_CONVERSION = YES;
				CLANG_WARN_DEPRECATED_OBJC_IMPLEMENTATIONS = YES;
				CLANG_WARN_DIRECT_OBJC_ISA_USAGE = YES_ERROR;
				CLANG_WARN_DOCUMENTATION_COMMENTS = YES;
				CLANG_WARN_EMPTY_BODY = YES;
				CLANG_WARN_ENUM_CONVERSION = YES;
				CLANG_WARN_INFINITE_RECURSION = YES;
				CLANG_WARN_INT_CONVERSION = YES;
				CLANG_WARN_NON_LITERAL_NULL_CONVERSION = YES;
				CLANG_WARN_OBJC_IMPLICIT_RETAIN_SELF = YES;
				CLANG_WARN_OBJC_LITERAL_CONVERSION = YES;
				CLANG_WARN_OBJC_ROOT_CLASS = YES_ERROR;
				CLANG_WARN_QUOTED_INCLUDE_IN_FRAMEWORK_HEADER = YES;
				CLANG_WARN_RANGE_LOOP_ANALYSIS = YES;
				CLANG_WARN_STRICT_PROTOTYPES = YES;
				CLANG_WARN_SUSPICIOUS_MOVE = YES;
				CLANG_WARN_UNGUARDED_AVAILABILITY = YES_AGGRESSIVE;
				CLANG_WARN_UNREACHABLE_CODE = YES;
				CLANG_WARN__DUPLICATE_METHOD_MATCH = YES;
				COPY_PHASE_STRIP = NO;
				DEBUG_INFORMATION_FORMAT = dwarf;
				ENABLE_STRICT_OBJC_MSGSEND = YES;
				ENABLE_TESTABILITY = YES;
				ENABLE_USER_SCRIPT_SANDBOXING = YES;
				GCC_C_LANGUAGE_STANDARD = gnu17;
				GCC_DYNAMIC_NO_PIC = NO;
				GCC_NO_COMMON_BLOCKS = YES;
				GCC_OPTIMIZATION_LEVEL = 0;
				GCC_PREPROCESSOR_DEFINITIONS = (
					"DEBUG=1",
					"$(inherited)",
				);
				GCC_WARN_64_TO_32_BIT_CONVERSION = YES;
				GCC_WARN_ABOUT_RETURN_TYPE = YES_ERROR;
				GCC_WARN_UNDECLARED_SELECTOR = YES;
				GCC_WARN_UNINITIALIZED_AUTOS = YES_AGGRESSIVE;
				GCC_WARN_UNUSED_FUNCTION = YES;
				GCC_WARN_UNUSED_VARIABLE = YES;
				IPHONEOS_DEPLOYMENT_TARGET = 17.0;
				LOCALIZATION_PREFERS_STRING_CATALOGS = YES;
				MTL_ENABLE_DEBUG_INFO = INCLUDE_SOURCE;
				MTL_FAST_MATH = YES;
				ONLY_ACTIVE_ARCH = YES;
				SDKROOT = iphoneos;
				SWIFT_ACTIVE_COMPILATION_CONDITIONS = "DEBUG $(inherited)";
				SWIFT_OPTIMIZATION_LEVEL = "-Onone";
			};
			name = Debug;
		};
		3C6C7A722AF04765009A33CC /* Release */ = {
			isa = XCBuildConfiguration;
			buildSettings = {
				ALWAYS_SEARCH_USER_PATHS = NO;
				ASSETCATALOG_COMPILER_GENERATE_SWIFT_ASSET_SYMBOL_EXTENSIONS = YES;
				CLANG_ANALYZER_NONNULL = YES;
				CLANG_ANALYZER_NUMBER_OBJECT_CONVERSION = YES_AGGRESSIVE;
				CLANG_CXX_LANGUAGE_STANDARD = "gnu++20";
				CLANG_ENABLE_MODULES = YES;
				CLANG_ENABLE_OBJC_ARC = YES;
				CLANG_ENABLE_OBJC_WEAK = YES;
				CLANG_WARN_BLOCK_CAPTURE_AUTORELEASING = YES;
				CLANG_WARN_BOOL_CONVERSION = YES;
				CLANG_WARN_COMMA = YES;
				CLANG_WARN_CONSTANT_CONVERSION = YES;
				CLANG_WARN_DEPRECATED_OBJC_IMPLEMENTATIONS = YES;
				CLANG_WARN_DIRECT_OBJC_ISA_USAGE = YES_ERROR;
				CLANG_WARN_DOCUMENTATION_COMMENTS = YES;
				CLANG_WARN_EMPTY_BODY = YES;
				CLANG_WARN_ENUM_CONVERSION = YES;
				CLANG_WARN_INFINITE_RECURSION = YES;
				CLANG_WARN_INT_CONVERSION = YES;
				CLANG_WARN_NON_LITERAL_NULL_CONVERSION = YES;
				CLANG_WARN_OBJC_IMPLICIT_RETAIN_SELF = YES;
				CLANG_WARN_OBJC_LITERAL_CONVERSION = YES;
				CLANG_WARN_OBJC_ROOT_CLASS = YES_ERROR;
				CLANG_WARN_QUOTED_INCLUDE_IN_FRAMEWORK_HEADER = YES;
				CLANG_WARN_RANGE_LOOP_ANALYSIS = YES;
				CLANG_WARN_STRICT_PROTOTYPES = YES;
				CLANG_WARN_SUSPICIOUS_MOVE = YES;
				CLANG_WARN_UNGUARDED_AVAILABILITY = YES_AGGRESSIVE;
				CLANG_WARN_UNREACHABLE_CODE = YES;
				CLANG_WARN__DUPLICATE_METHOD_MATCH = YES;
				COPY_PHASE_STRIP = NO;
				DEBUG_INFORMATION_FORMAT = "dwarf-with-dsym";
				ENABLE_NS_ASSERTIONS = NO;
				ENABLE_STRICT_OBJC_MSGSEND = YES;
				ENABLE_USER_SCRIPT_SANDBOXING = YES;
				GCC_C_LANGUAGE_STANDARD = gnu17;
				GCC_NO_COMMON_BLOCKS = YES;
				GCC_WARN_64_TO_32_BIT_CONVERSION = YES;
				GCC_WARN_ABOUT_RETURN_TYPE = YES_ERROR;
				GCC_WARN_UNDECLARED_SELECTOR = YES;
				GCC_WARN_UNINITIALIZED_AUTOS = YES_AGGRESSIVE;
				GCC_WARN_UNUSED_FUNCTION = YES;
				GCC_WARN_UNUSED_VARIABLE = YES;
				IPHONEOS_DEPLOYMENT_TARGET = 17.0;
				LOCALIZATION_PREFERS_STRING_CATALOGS = YES;
				MTL_ENABLE_DEBUG_INFO = NO;
				MTL_FAST_MATH = YES;
				SDKROOT = iphoneos;
				SWIFT_COMPILATION_MODE = wholemodule;
				VALIDATE_PRODUCT = YES;
			};
			name = Release;
		};
		3C6C7A742AF04765009A33CC /* Debug */ = {
			isa = XCBuildConfiguration;
			buildSettings = {
				ASSETCATALOG_COMPILER_APPICON_NAME = AppIcon;
				ASSETCATALOG_COMPILER_GLOBAL_ACCENT_COLOR_NAME = AccentColor;
				CODE_SIGN_ENTITLEMENTS = JanKenPon/JanKenPon.entitlements;
				CODE_SIGN_STYLE = Automatic;
				CURRENT_PROJECT_VERSION = 1;
				DEVELOPMENT_ASSET_PATHS = "\"JanKenPon/Preview Content\"";
				DEVELOPMENT_TEAM = Q24R6U6QED;
				ENABLE_PREVIEWS = YES;
				GENERATE_INFOPLIST_FILE = YES;
				INFOPLIST_FILE = JanKenPon/Info.plist;
				INFOPLIST_KEY_UIApplicationSceneManifest_Generation = YES;
				INFOPLIST_KEY_UIApplicationSupportsIndirectInputEvents = YES;
				INFOPLIST_KEY_UILaunchScreen_Generation = YES;
				INFOPLIST_KEY_UISupportedInterfaceOrientations_iPad = "UIInterfaceOrientationPortrait UIInterfaceOrientationPortraitUpsideDown UIInterfaceOrientationLandscapeLeft UIInterfaceOrientationLandscapeRight";
				INFOPLIST_KEY_UISupportedInterfaceOrientations_iPhone = "UIInterfaceOrientationPortrait UIInterfaceOrientationLandscapeLeft UIInterfaceOrientationLandscapeRight";
				LD_RUNPATH_SEARCH_PATHS = (
					"$(inherited)",
					"@executable_path/Frameworks",
				);
				MARKETING_VERSION = 1.0;
				PRODUCT_BUNDLE_IDENTIFIER = com.agdogfights.JanKenPon;
				PRODUCT_NAME = "$(TARGET_NAME)";
				SWIFT_EMIT_LOC_STRINGS = YES;
				SWIFT_VERSION = 5.0;
				TARGETED_DEVICE_FAMILY = "1,2";
			};
			name = Debug;
		};
		3C6C7A752AF04765009A33CC /* Release */ = {
			isa = XCBuildConfiguration;
			buildSettings = {
				ASSETCATALOG_COMPILER_APPICON_NAME = AppIcon;
				ASSETCATALOG_COMPILER_GLOBAL_ACCENT_COLOR_NAME = AccentColor;
				CODE_SIGN_ENTITLEMENTS = JanKenPon/JanKenPon.entitlements;
				CODE_SIGN_STYLE = Automatic;
				CURRENT_PROJECT_VERSION = 1;
				DEVELOPMENT_ASSET_PATHS = "\"JanKenPon/Preview Content\"";
				DEVELOPMENT_TEAM = Q24R6U6QED;
				ENABLE_PREVIEWS = YES;
				GENERATE_INFOPLIST_FILE = YES;
				INFOPLIST_FILE = JanKenPon/Info.plist;
				INFOPLIST_KEY_UIApplicationSceneManifest_Generation = YES;
				INFOPLIST_KEY_UIApplicationSupportsIndirectInputEvents = YES;
				INFOPLIST_KEY_UILaunchScreen_Generation = YES;
				INFOPLIST_KEY_UISupportedInterfaceOrientations_iPad = "UIInterfaceOrientationPortrait UIInterfaceOrientationPortraitUpsideDown UIInterfaceOrientationLandscapeLeft UIInterfaceOrientationLandscapeRight";
				INFOPLIST_KEY_UISupportedInterfaceOrientations_iPhone = "UIInterfaceOrientationPortrait UIInterfaceOrientationLandscapeLeft UIInterfaceOrientationLandscapeRight";
				LD_RUNPATH_SEARCH_PATHS = (
					"$(inherited)",
					"@executable_path/Frameworks",
				);
				MARKETING_VERSION = 1.0;
				PRODUCT_BUNDLE_IDENTIFIER = com.agdogfights.JanKenPon;
				PRODUCT_NAME = "$(TARGET_NAME)";
				SWIFT_EMIT_LOC_STRINGS = YES;
				SWIFT_VERSION = 5.0;
				TARGETED_DEVICE_FAMILY = "1,2";
			};
			name = Release;
		};
		3C6C7A8F2AFDA9B2009A33CC /* Debug */ = {
			isa = XCBuildConfiguration;
			buildSettings = {
				BUNDLE_LOADER = "$(TEST_HOST)";
				CODE_SIGN_STYLE = Automatic;
				CURRENT_PROJECT_VERSION = 1;
				DEVELOPMENT_TEAM = Q24R6U6QED;
				GENERATE_INFOPLIST_FILE = YES;
				MARKETING_VERSION = 1.0;
				PRODUCT_BUNDLE_IDENTIFIER = com.agdogfights.JanKenPonTests;
				PRODUCT_NAME = "$(TARGET_NAME)";
				SWIFT_EMIT_LOC_STRINGS = NO;
				SWIFT_VERSION = 5.0;
				TARGETED_DEVICE_FAMILY = "1,2";
				TEST_HOST = "$(BUILT_PRODUCTS_DIR)/JanKenPon.app/$(BUNDLE_EXECUTABLE_FOLDER_PATH)/JanKenPon";
			};
			name = Debug;
		};
		3C6C7A902AFDA9B2009A33CC /* Release */ = {
			isa = XCBuildConfiguration;
			buildSettings = {
				BUNDLE_LOADER = "$(TEST_HOST)";
				CODE_SIGN_STYLE = Automatic;
				CURRENT_PROJECT_VERSION = 1;
				DEVELOPMENT_TEAM = Q24R6U6QED;
				GENERATE_INFOPLIST_FILE = YES;
				MARKETING_VERSION = 1.0;
				PRODUCT_BUNDLE_IDENTIFIER = com.agdogfights.JanKenPonTests;
				PRODUCT_NAME = "$(TARGET_NAME)";
				SWIFT_EMIT_LOC_STRINGS = NO;
				SWIFT_VERSION = 5.0;
				TARGETED_DEVICE_FAMILY = "1,2";
				TEST_HOST = "$(BUILT_PRODUCTS_DIR)/JanKenPon.app/$(BUNDLE_EXECUTABLE_FOLDER_PATH)/JanKenPon";
			};
			name = Release;
		};
/* End XCBuildConfiguration section */

/* Begin XCConfigurationList section */
		3C6C7A592AF0475E009A33CC /* Build configuration list for PBXProject "JanKenPon" */ = {
			isa = XCConfigurationList;
			buildConfigurations = (
				3C6C7A712AF04765009A33CC /* Debug */,
				3C6C7A722AF04765009A33CC /* Release */,
			);
			defaultConfigurationIsVisible = 0;
			defaultConfigurationName = Release;
		};
		3C6C7A732AF04765009A33CC /* Build configuration list for PBXNativeTarget "JanKenPon" */ = {
			isa = XCConfigurationList;
			buildConfigurations = (
				3C6C7A742AF04765009A33CC /* Debug */,
				3C6C7A752AF04765009A33CC /* Release */,
			);
			defaultConfigurationIsVisible = 0;
			defaultConfigurationName = Release;
		};
		3C6C7A8E2AFDA9B2009A33CC /* Build configuration list for PBXNativeTarget "JanKenPonTests" */ = {
			isa = XCConfigurationList;
			buildConfigurations = (
				3C6C7A8F2AFDA9B2009A33CC /* Debug */,
				3C6C7A902AFDA9B2009A33CC /* Release */,
			);
			defaultConfigurationIsVisible = 0;
			defaultConfigurationName = Release;
		};
/* End XCConfigurationList section */

/* Begin XCVersionGroup section */
		3C6C7A6C2AF04765009A33CC /* JanKenPon.xcdatamodeld */ = {
			isa = XCVersionGroup;
			children = (
				3C6C7A6D2AF04765009A33CC /* JanKenPon.xcdatamodel */,
			);
			currentVersion = 3C6C7A6D2AF04765009A33CC /* JanKenPon.xcdatamodel */;
			path = JanKenPon.xcdatamodeld;
			sourceTree = "<group>";
			versionGroupType = wrapper.xcdatamodel;
		};
/* End XCVersionGroup section */
	};
	rootObject = 3C6C7A562AF0475E009A33CC /* Project object */;
}
